
Microsoft Visual Studio Solution File, Format Version 12.00
# Visual Studio Version 17
VisualStudioVersion = 17.1.32407.343
MinimumVisualStudioVersion = 10.0.40219.1
Project("{FAE04EC0-301F-11D3-BF4B-00C04F79EFBC}") = "Regex1", "Regex1.csproj", "{2813CC22-653D-45EC-84E3-6A9D35748BC0}"
EndProject
Global
	GlobalSection(SolutionConfigurationPlatforms) = preSolution
		Debug|Any CPU = Debug|Any CPU
		Release|Any CPU = Release|Any CPU
	EndGlobalSection
	GlobalSection(ProjectConfigurationPlatforms) = postSolution
		{2813CC22-653D-45EC-84E3-6A9D35748BC0}.Debug|Any CPU.ActiveCfg = Debug|Any CPU
		{2813CC22-653D-45EC-84E3-6A9D35748BC0}.Debug|Any CPU.Build.0 = Debug|Any CPU
		{2813CC22-653D-45EC-84E3-6A9D35748BC0}.Release|Any CPU.ActiveCfg = Release|Any CPU
		{2813CC22-653D-45EC-84E3-6A9D35748BC0}.Release|Any CPU.Build.0 = Release|Any CPU
	EndGlobalSection
	GlobalSection(SolutionProperties) = preSolution
		HideSolutionNode = FALSE
	EndGlobalSection
	GlobalSection(ExtensibilityGlobals) = postSolution
		SolutionGuid = {1E662738-23A4-43B3-97C3-A907B48F3E18}
	EndGlobalSection
EndGlobal
